
Microsoft Visual Studio Solution File, Format Version 12.00
Project("{FAE04EC0-301F-11D3-BF4B-00C04F79EFBC}") = "portals", "portals\portals.csproj", "{5434CDA6-672E-4E01-A490-5E3757854926}"
EndProject
Project("{FAE04EC0-301F-11D3-BF4B-00C04F79EFBC}") = "portals.test", "portals.test\portals.test.csproj", "{17D51F79-46D1-4273-A4D7-1E6E0C1D3401}"
EndProject
Global
	GlobalSection(SolutionConfigurationPlatforms) = preSolution
		Debug|Any CPU = Debug|Any CPU
		Release|Any CPU = Release|Any CPU
	EndGlobalSection
	GlobalSection(ProjectConfigurationPlatforms) = postSolution
		{5434CDA6-672E-4E01-A490-5E3757854926}.Debug|Any CPU.ActiveCfg = Debug|Any CPU
		{5434CDA6-672E-4E01-A490-5E3757854926}.Debug|Any CPU.Build.0 = Debug|Any CPU
		{5434CDA6-672E-4E01-A490-5E3757854926}.Release|Any CPU.ActiveCfg = Release|Any CPU
		{5434CDA6-672E-4E01-A490-5E3757854926}.Release|Any CPU.Build.0 = Release|Any CPU
		{17D51F79-46D1-4273-A4D7-1E6E0C1D3401}.Debug|Any CPU.ActiveCfg = Debug|Any CPU
		{17D51F79-46D1-4273-A4D7-1E6E0C1D3401}.Debug|Any CPU.Build.0 = Debug|Any CPU
		{17D51F79-46D1-4273-A4D7-1E6E0C1D3401}.Release|Any CPU.ActiveCfg = Release|Any CPU
		{17D51F79-46D1-4273-A4D7-1E6E0C1D3401}.Release|Any CPU.Build.0 = Release|Any CPU
	EndGlobalSection
EndGlobal
